{
  "nodes": {
    "codex-cli-nix": {
      "inputs": {
        "flake-utils": "flake-utils",
        "nixpkgs": "nixpkgs"
      },
      "locked": {
        "lastModified": 1782875821,
        "narHash": "sha256-Xii/zDQ2VB+Hpf5JHxWbk2PI6LOlFeIiZFGkTWqOQ+0=",
        "owner": "sadjow",
        "repo": "codex-cli-nix",
        "rev": "848bccf577af78fed932a7a16813e0628952405d",
        "type": "github"
      },
      "original": {
        "owner": "sadjow",
        "repo": "codex-cli-nix",
        "type": "github"
      }
    },
    "config-private": {
      "flake": false,
      "locked": {
        "lastModified": 1780075298,
        "narHash": "sha256-BAghP47Y5O4RnieeDOTgvY8vAnt7loZOaXMuLnqDZ/E=",
        "ref": "refs/heads/main",
        "rev": "dbc6c6143c43ae8a54c20ce943d7cd176c83813f",
        "revCount": 2,
        "type": "git",
        "url": "ssh://git@github.com/tessro/config-private.git"
      },
      "original": {
        "type": "git",
        "url": "ssh://git@github.com/tessro/config-private.git"
      }
    },
    "flake-compat": {
      "flake": false,
      "locked": {
        "lastModified": 1767039857,
        "narHash": "sha256-vNpUSpF5Nuw8xvDLj2KCwwksIbjua2LZCqhV1LNRDns=",
        "owner": "edolstra",
        "repo": "flake-compat",
        "rev": "5edf11c44bc78a0d334f6334cdaf7d60d732daab",
        "type": "github"
      },
      "original": {
        "owner": "edolstra",
        "repo": "flake-compat",
        "type": "github"
      }
    },
    "flake-parts": {
      "inputs": {
        "nixpkgs-lib": "nixpkgs-lib"
      },
      "locked": {
        "lastModified": 1782949081,
        "narHash": "sha256-vp6Y/Grm98ESt6ceOkWiHWyZRDV3J1RID4w+6NWK9yA=",
        "owner": "hercules-ci",
        "repo": "flake-parts",
        "rev": "17c9d6cdfc60c64f4ee8d306f9bc0b4ccb51481e",
        "type": "github"
      },
      "original": {
        "owner": "hercules-ci",
        "repo": "flake-parts",
        "type": "github"
      }
    },
    "flake-utils": {
      "inputs": {
        "systems": "systems"
      },
      "locked": {
        "lastModified": 1731533236,
        "narHash": "sha256-l0KFg5HjrsfsO/JpG+r7fRrqm12kzFHyUHqHCVpMMbI=",
        "owner": "numtide",
        "repo": "flake-utils",
        "rev": "11707dc2f618dd54ca8739b309ec4fc024de578b",
        "type": "github"
      },
      "original": {
        "owner": "numtide",
        "repo": "flake-utils",
        "type": "github"
      }
    },
    "home-manager": {
      "inputs": {
        "nixpkgs": [
          "nixpkgs"
        ]
      },
      "locked": {
        "lastModified": 1783099620,
        "narHash": "sha256-prQSM9PGnrfSaqknJOZ3DCQKbpMiXAWLVC5SHbjLcJ4=",
        "owner": "nix-community",
        "repo": "home-manager",
        "rev": "b2e4390ff35319c52935d6a700b615da4c0f204d",
        "type": "github"
      },
      "original": {
        "owner": "nix-community",
        "repo": "home-manager",
        "type": "github"
      }
    },
    "home-manager-stable": {
      "inputs": {
        "nixpkgs": [
          "nixpkgs-stable"
        ]
      },
      "locked": {
        "lastModified": 1782704057,
        "narHash": "sha256-G1I1gd32F7mp9LAe1DaZ4ZL7NX5gyiKwdCMwro1Vrck=",
        "owner": "nix-community",
        "repo": "home-manager",
        "rev": "868d0a692de703c2de98fab61968e4e310b7c28e",
        "type": "github"
      },
      "original": {
        "owner": "nix-community",
        "ref": "release-26.05",
        "repo": "home-manager",
        "type": "github"
      }
    },
    "nix-claude-code": {
      "inputs": {
        "nixpkgs": "nixpkgs_2"
      },
      "locked": {
        "lastModified": 1783113769,
        "narHash": "sha256-NL+0uUZbJfre/K7+8HuM+2qgRJHPOcmIY2mCGKKavn8=",
        "owner": "ryoppippi",
        "repo": "nix-claude-code",
        "rev": "461ae41f8cf53e021400e122b3a3fa559cf987f1",
        "type": "github"
      },
      "original": {
        "owner": "ryoppippi",
        "repo": "nix-claude-code",
        "type": "github"
      }
    },
    "nix-darwin": {
      "inputs": {
        "nixpkgs": [
          "nixpkgs-darwin"
        ]
      },
      "locked": {
        "lastModified": 1781761792,
        "narHash": "sha256-rCPytmKNjctLloB6UgK5CRrHSwV4b0ygxtJLPPp8R14=",
        "owner": "nix-darwin",
        "repo": "nix-darwin",
        "rev": "a1fa429e945becaf60468600daf649be4ba0350c",
        "type": "github"
      },
      "original": {
        "owner": "nix-darwin",
        "repo": "nix-darwin",
        "type": "github"
      }
    },
    "nixos-facter-modules": {
      "locked": {
        "lastModified": 1773858690,
        "narHash": "sha256-oW0/lC0oRG5H5LaK6Rmh9L1wmkn9TbenM4bXwnIEDKA=",
        "owner": "nix-community",
        "repo": "nixos-facter-modules",
        "rev": "139dcef4dfc97009629c445806f197883351ab4a",
        "type": "github"
      },
      "original": {
        "owner": "nix-community",
        "repo": "nixos-facter-modules",
        "type": "github"
      }
    },
    "nixos-wsl": {
      "inputs": {
        "flake-compat": "flake-compat",
        "nixpkgs": [
          "nixpkgs"
        ]
      },
      "locked": {
        "lastModified": 1781182279,
        "narHash": "sha256-V5EQQbDnmdiXGQXrEF1PEL7QYsFqfH8N1E89Z5ONwFk=",
        "owner": "nix-community",
        "repo": "NixOS-WSL",
        "rev": "5675822ba756e6e56f8f6a5a76e90e0da2ece94d",
        "type": "github"
      },
      "original": {
        "owner": "nix-community",
        "repo": "NixOS-WSL",
        "type": "github"
      }
    },
    "nixpkgs": {
      "locked": {
        "lastModified": 1782760764,
        "narHash": "sha256-N66fYdUuZ9hpdM7jsQ7CUWtLJduqGDyTGCaLR62CXaQ=",
        "owner": "NixOS",
        "repo": "nixpkgs",
        "rev": "7a1a64774a5fd0b0cd39ac95d0e170ace8b266a0",
        "type": "github"
      },
      "original": {
        "owner": "NixOS",
        "ref": "nixpkgs-unstable",
        "repo": "nixpkgs",
        "type": "github"
      }
    },
    "nixpkgs-darwin": {
      "locked": {
        "lastModified": 1782918843,
        "narHash": "sha256-ETYnV9U7Sr+A45dohzZdfCZKOss4qrTkO+wgNZNvEc0=",
        "owner": "nixos",
        "repo": "nixpkgs",
        "rev": "e8273b29fe1390ec8d4603f2477357555291432e",
        "type": "github"
      },
      "original": {
        "owner": "nixos",
        "ref": "nixpkgs-unstable",
        "repo": "nixpkgs",
        "type": "github"
      }
    },
    "nixpkgs-lib": {
      "locked": {
        "lastModified": 1782614948,
        "narHash": "sha256-ePjCwr1sNm9NYUqywL7QfK3JnlS015msC+eBu2zKlp8=",
        "owner": "nix-community",
        "repo": "nixpkgs.lib",
        "rev": "db3f255737b94216eb71cce308e2912cf6bc2d7c",
        "type": "github"
      },
      "original": {
        "owner": "nix-community",
        "repo": "nixpkgs.lib",
        "type": "github"
      }
    },
    "nixpkgs-stable": {
      "locked": {
        "lastModified": 1782847225,
        "narHash": "sha256-JC9PjqKYG9ve5U8aDOLQipp3+KLANBHUvGdLZlxzdKI=",
        "owner": "nixos",
        "repo": "nixpkgs",
        "rev": "95ca1e203c0750115fd4a6f17d5a245dfe6b1edd",
        "type": "github"
      },
      "original": {
        "owner": "nixos",
        "ref": "nixos-26.05",
        "repo": "nixpkgs",
        "type": "github"
      }
    },
    "nixpkgs_2": {
      "locked": {
        "lastModified": 1781577229,
        "narHash": "sha256-lrp67w8AulE9Ks53n27I45ADSzbOCn4H+CNW1Ck8B+8=",
        "owner": "NixOS",
        "repo": "nixpkgs",
        "rev": "567a49d1913ce81ac6e9582e3553dd90a955875f",
        "type": "github"
      },
      "original": {
        "owner": "NixOS",
        "ref": "nixos-unstable",
        "repo": "nixpkgs",
        "type": "github"
      }
    },
    "nixpkgs_3": {
      "locked": {
        "lastModified": 1782723713,
        "narHash": "sha256-oPXCU/SSUokcGaJREHibG1CBX3+s/W7orDWQOZDsEeQ=",
        "owner": "nixos",
        "repo": "nixpkgs",
        "rev": "b5aa0fbd538984f6e3d201be0005b4463d8b09f8",
        "type": "github"
      },
      "original": {
        "owner": "nixos",
        "ref": "nixos-unstable",
        "repo": "nixpkgs",
        "type": "github"
      }
    },
    "root": {
      "inputs": {
        "codex-cli-nix": "codex-cli-nix",
        "config-private": "config-private",
        "flake-parts": "flake-parts",
        "home-manager": "home-manager",
        "home-manager-stable": "home-manager-stable",
        "nix-claude-code": "nix-claude-code",
        "nix-darwin": "nix-darwin",
        "nixos-facter-modules": "nixos-facter-modules",
        "nixos-wsl": "nixos-wsl",
        "nixpkgs": "nixpkgs_3",
        "nixpkgs-darwin": "nixpkgs-darwin",
        "nixpkgs-stable": "nixpkgs-stable",
        "sops-nix": "sops-nix"
      }
    },
    "sops-nix": {
      "inputs": {
        "nixpkgs": [
          "nixpkgs"
        ]
      },
      "locked": {
        "lastModified": 1783104586,
        "narHash": "sha256-vSLKc7m34/g5xH4dwmNZSqxc5OcHeE3qiG3EIz6bJKs=",
        "owner": "Mic92",
        "repo": "sops-nix",
        "rev": "1ebd41717762d837d5115f7108522c29cdb00fbb",
        "type": "github"
      },
      "original": {
        "owner": "Mic92",
        "repo": "sops-nix",
        "type": "github"
      }
    },
    "systems": {
      "locked": {
        "lastModified": 1681028828,
        "narHash": "sha256-Vy1rq5AaRuLzOxct8nz4T6wlgyUR7zLU309k9mBC768=",
        "owner": "nix-systems",
        "repo": "default",
        "rev": "da67096a3b9bf56a91d16901293e51ba5b49a27e",
        "type": "github"
      },
      "original": {
        "owner": "nix-systems",
        "repo": "default",
        "type": "github"
      }
    }
  },
  "root": "root",
  "version": 7
}
